// !$*UTF8*$!
{
	archiveVersion = 1;
	classes = {
	};
	objectVersion = 77;
	objects = {

/* Begin PBXContainerItemProxy section */
		FA76EC822D9EE0330022AE96 /* PBXContainerItemProxy */ = {
			isa = PBXContainerItemProxy;
			containerPortal = FA76EC692D9EE0310022AE96 /* Project object */;
			proxyType = 1;
			remoteGlobalIDString = FA76EC702D9EE0310022AE96;
			remoteInfo = iosHealthTracker;
		};
		FA76EC8C2D9EE0330022AE96 /* PBXContainerItemProxy */ = {
			isa = PBXContainerItemProxy;
			containerPortal = FA76EC692D9EE0310022AE96 /* Project object */;
			proxyType = 1;
			remoteGlobalIDString = FA76EC702D9EE0310022AE96;
			remoteInfo = iosHealthTracker;
		};
/* End PBXContainerItemProxy section */

/* Begin PBXFileReference section */
		FA76EC712D9EE0310022AE96 /* iosHealthTracker.app */ = {isa = PBXFileReference; explicitFileType = wrapper.application; includeInIndex = 0; path = iosHealthTracker.app; sourceTree = BUILT_PRODUCTS_DIR; };
		FA76EC812D9EE0330022AE96 /* iosHealthTrackerTests.xctest */ = {isa = PBXFileReference; explicitFileType = wrapper.cfbundle; includeInIndex = 0; path = iosHealthTrackerTests.xctest; sourceTree = BUILT_PRODUCTS_DIR; };
		FA76EC8B2D9EE0330022AE96 /* iosHealthTrackerUITests.xctest */ = {isa = PBXFileReference; explicitFileType = wrapper.cfbundle; includeInIndex = 0; path = iosHealthTrackerUITests.xctest; sourceTree = BUILT_PRODUCTS_DIR; };
/* End PBXFileReference section */

/* Begin PBXFileSystemSynchronizedBuildFileExceptionSet section */
		FA76ECDF2D9EEAA60022AE96 /* Exceptions for "iosHealthTracker" folder in "iosHealthTracker" target */ = {
			isa = PBXFileSystemSynchronizedBuildFileExceptionSet;
			membershipExceptions = (
				Info.plist,
			);
			target = FA76EC702D9EE0310022AE96 /* iosHealthTracker */;
		};
/* End PBXFileSystemSynchronizedBuildFileExceptionSet section */

/* Begin PBXFileSystemSynchronizedRootGroup section */
		FA76EC732D9EE0310022AE96 /* iosHealthTracker */ = {
			isa = PBXFileSystemSynchronizedRootGroup;
			exceptions = (
				FA76ECDF2D9EEAA60022AE96 /* Exceptions for "iosHealthTracker" folder in "iosHealthTracker" target */,
			);
			path = iosHealthTracker;
			sourceTree = "<group>";
		};
		FA76EC842D9EE0330022AE96 /* iosHealthTrackerTests */ = {
			isa = PBXFileSystemSynchronizedRootGroup;
			path = iosHealthTrackerTests;
			sourceTree = "<group>";
		};
		FA76EC8E2D9EE0330022AE96 /* iosHealthTrackerUITests */ = {
			isa = PBXFileSystemSynchronizedRootGroup;
			path = iosHealthTrackerUITests;
			sourceTree = "<group>";
		};
/* End PBXFileSystemSynchronizedRootGroup section */

/* Begin PBXFrameworksBuildPhase section */
		FA76EC6E2D9EE0310022AE96 /* Frameworks */ = {
			isa = PBXFrameworksBuildPhase;
			buildActionMask = 2147483647;
			files = (
			);
			runOnlyForDeploymentPostprocessing = 0;
		};
		FA76EC7E2D9EE0330022AE96 /* Frameworks */ = {
			isa = PBXFrameworksBuildPhase;
			buildActionMask = 2147483647;
			files = (
			);
			runOnlyForDeploymentPostprocessing = 0;
		};
		FA76EC882D9EE0330022AE96 /* Frameworks */ = {
			isa = PBXFrameworksBuildPhase;
			buildActionMask = 2147483647;
			files = (
			);
			runOnlyForDeploymentPostprocessing = 0;
		};
/* End PBXFrameworksBuildPhase section */

/* Begin PBXGroup section */
		FA76EC682D9EE0310022AE96 = {
			isa = PBXGroup;
			children = (
				FA76EC732D9EE0310022AE96 /* iosHealthTracker */,
				FA76EC842D9EE0330022AE96 /* iosHealthTrackerTests */,
				FA76EC8E2D9EE0330022AE96 /* iosHealthTrackerUITests */,
				FA76EC722D9EE0310022AE96 /* Products */,
			);
			sourceTree = "<group>";
		};
		FA76EC722D9EE0310022AE96 /* Products */ = {
			isa = PBXGroup;
			children = (
				FA76EC712D9EE0310022AE96 /* iosHealthTracker.app */,
				FA76EC812D9EE0330022AE96 /* iosHealthTrackerTests.xctest */,
				FA76EC8B2D9EE0330022AE96 /* iosHealthTrackerUITests.xctest */,
			);
			name = Products;
			sourceTree = "<group>";
		};
/* End PBXGroup section */

/* Begin PBXNativeTarget section */
		FA76EC702D9EE0310022AE96 /* iosHealthTracker */ = {
			isa = PBXNativeTarget;
			buildConfigurationList = FA76EC952D9EE0330022AE96 /* Build configuration list for PBXNativeTarget "iosHealthTracker" */;
			buildPhases = (
				FA76EC6D2D9EE0310022AE96 /* Sources */,
				FA76EC6E2D9EE0310022AE96 /* Frameworks */,
				FA76EC6F2D9EE0310022AE96 /* Resources */,
			);
			buildRules = (
			);
			dependencies = (
			);
			fileSystemSynchronizedGroups = (
				FA76EC732D9EE0310022AE96 /* iosHealthTracker */,
			);
			name = iosHealthTracker;
			packageProductDependencies = (
			);
			productName = iosHealthTracker;
			productReference = FA76EC712D9EE0310022AE96 /* iosHealthTracker.app */;
			productType = "com.apple.product-type.application";
		};
		FA76EC802D9EE0330022AE96 /* iosHealthTrackerTests */ = {
			isa = PBXNativeTarget;
			buildConfigurationList = FA76EC982D9EE0330022AE96 /* Build configuration list for PBXNativeTarget "iosHealthTrackerTests" */;
			buildPhases = (
				FA76EC7D2D9EE0330022AE96 /* Sources */,
				FA76EC7E2D9EE0330022AE96 /* Frameworks */,
				FA76EC7F2D9EE0330022AE96 /* Resources */,
			);
			buildRules = (
			);
			dependencies = (
				FA76EC832D9EE0330022AE96 /* PBXTargetDependency */,
			);
			fileSystemSynchronizedGroups = (
				FA76EC842D9EE0330022AE96 /* iosHealthTrackerTests */,
			);
			name = iosHealthTrackerTests;
			packageProductDependencies = (
			);
			productName = iosHealthTrackerTests;
			productReference = FA76EC812D9EE0330022AE96 /* iosHealthTrackerTests.xctest */;
			productType = "com.apple.product-type.bundle.unit-test";
		};
		FA76EC8A2D9EE0330022AE96 /* iosHealthTrackerUITests */ = {
			isa = PBXNativeTarget;
			buildConfigurationList = FA76EC9B2D9EE0330022AE96 /* Build configuration list for PBXNativeTarget "iosHealthTrackerUITests" */;
			buildPhases = (
				FA76EC872D9EE0330022AE96 /* Sources */,
				FA76EC882D9EE0330022AE96 /* Frameworks */,
				FA76EC892D9EE0330022AE96 /* Resources */,
			);
			buildRules = (
			);
			dependencies = (
				FA76EC8D2D9EE0330022AE96 /* PBXTargetDependency */,
			);
			fileSystemSynchronizedGroups = (
				FA76EC8E2D9EE0330022AE96 /* iosHealthTrackerUITests */,
			);
			name = iosHealthTrackerUITests;
			packageProductDependencies = (
			);
			productName = iosHealthTrackerUITests;
			productReference = FA76EC8B2D9EE0330022AE96 /* iosHealthTrackerUITests.xctest */;
			productType = "com.apple.product-type.bundle.ui-testing";
		};
/* End PBXNativeTarget section */

/* Begin PBXProject section */
		FA76EC692D9EE0310022AE96 /* Project object */ = {
			isa = PBXProject;
			attributes = {
				BuildIndependentTargetsInParallel = 1;
				LastSwiftUpdateCheck = 1600;
				LastUpgradeCheck = 1600;
				TargetAttributes = {
					FA76EC702D9EE0310022AE96 = {
						CreatedOnToolsVersion = 16.0;
					};
					FA76EC802D9EE0330022AE96 = {
						CreatedOnToolsVersion = 16.0;
						TestTargetID = FA76EC702D9EE0310022AE96;
					};
					FA76EC8A2D9EE0330022AE96 = {
						CreatedOnToolsVersion = 16.0;
						TestTargetID = FA76EC702D9EE0310022AE96;
					};
				};
			};
			buildConfigurationList = FA76EC6C2D9EE0310022AE96 /* Build configuration list for PBXProject "iosHealthTracker" */;
			developmentRegion = en;
			hasScannedForEncodings = 0;
			knownRegions = (
				en,
				Base,
			);
			mainGroup = FA76EC682D9EE0310022AE96;
			minimizedProjectReferenceProxies = 1;
			preferredProjectObjectVersion = 77;
			productRefGroup = FA76EC722D9EE0310022AE96 /* Products */;
			projectDirPath = "";
			projectRoot = "";
			targets = (
				FA76EC702D9EE0310022AE96 /* iosHealthTracker */,
				FA76EC802D9EE0330022AE96 /* iosHealthTrackerTests */,
				FA76EC8A2D9EE0330022AE96 /* iosHealthTrackerUITests */,
			);
		};
/* End PBXProject section */

/* Begin PBXResourcesBuildPhase section */
		FA76EC6F2D9EE0310022AE96 /* Resources */ = {
			isa = PBXResourcesBuildPhase;
			buildActionMask = 2147483647;
			files = (
			);
			runOnlyForDeploymentPostprocessing = 0;
		};
		FA76EC7F2D9EE0330022AE96 /* Resources */ = {
			isa = PBXResourcesBuildPhase;
			buildActionMask = 2147483647;
			files = (
			);
			runOnlyForDeploymentPostprocessing = 0;
		};
		FA76EC892D9EE0330022AE96 /* Resources */ = {
			isa = PBXResourcesBuildPhase;
			buildActionMask = 2147483647;
			files = (
			);
			runOnlyForDeploymentPostprocessing = 0;
		};
/* End PBXResourcesBuildPhase section */

/* Begin PBXSourcesBuildPhase section */
		FA76EC6D2D9EE0310022AE96 /* Sources */ = {
			isa = PBXSourcesBuildPhase;
			buildActionMask = 2147483647;
			files = (
			);
			runOnlyForDeploymentPostprocessing = 0;
		};
		FA76EC7D2D9EE0330022AE96 /* Sources */ = {
			isa = PBXSourcesBuildPhase;
			buildActionMask = 2147483647;
			files = (
			);
			runOnlyForDeploymentPostprocessing = 0;
		};
		FA76EC872D9EE0330022AE96 /* Sources */ = {
			isa = PBXSourcesBuildPhase;
			buildActionMask = 2147483647;
			files = (
			);
			runOnlyForDeploymentPostprocessing = 0;
		};
/* End PBXSourcesBuildPhase section */

/* Begin PBXTargetDependency section */
		FA76EC832D9EE0330022AE96 /* PBXTargetDependency */ = {
			isa = PBXTargetDependency;
			target = FA76EC702D9EE0310022AE96 /* iosHealthTracker */;
			targetProxy = FA76EC822D9EE0330022AE96 /* PBXContainerItemProxy */;
		};
		FA76EC8D2D9EE0330022AE96 /* PBXTargetDependency */ = {
			isa = PBXTargetDependency;
			target = FA76EC702D9EE0310022AE96 /* iosHealthTracker */;
			targetProxy = FA76EC8C2D9EE0330022AE96 /* PBXContainerItemProxy */;
		};
/* End PBXTargetDependency section */

/* Begin XCBuildConfiguration section */
		FA76EC932D9EE0330022AE96 /* Debug */ = {
			isa = XCBuildConfiguration;
			buildSettings = {
				ALWAYS_SEARCH_USER_PATHS = NO;
				ASSETCATALOG_COMPILER_GENERATE_SWIFT_ASSET_SYMBOL_EXTENSIONS = YES;
				CLANG_ANALYZER_NONNULL = YES;
				CLANG_ANALYZER_NUMBER_OBJECT_CONVERSION = YES_AGGRESSIVE;
				CLANG_CXX_LANGUAGE_STANDARD = "gnu++20";
				CLANG_ENABLE_MODULES = YES;
				CLANG_ENABLE_OBJC_ARC = YES;
				CLANG_ENABLE_OBJC_WEAK = YES;
				CLANG_WARN_BLOCK_CAPTURE_AUTORELEASING = YES;
				CLANG_WARN_BOOL_CONVERSION = YES;
				CLANG_WARN_COMMA = YES;
				CLANG_WARN_CONSTANT_CONVERSION = YES;
				CLANG_WARN_DEPRECATED_OBJC_IMPLEMENTATIONS = YES;
				CLANG_WARN_DIRECT_OBJC_ISA_USAGE = YES_ERROR;
				CLANG_WARN_DOCUMENTATION_COMMENTS = YES;
				CLANG_WARN_EMPTY_BODY = YES;
				CLANG_WARN_ENUM_CONVERSION = YES;
				CLANG_WARN_INFINITE_RECURSION = YES;
				CLANG_WARN_INT_CONVERSION = YES;
				CLANG_WARN_NON_LITERAL_NULL_CONVERSION = YES;
				CLANG_WARN_OBJC_IMPLICIT_RETAIN_SELF = YES;
				CLANG_WARN_OBJC_LITERAL_CONVERSION = YES;
				CLANG_WARN_OBJC_ROOT_CLASS = YES_ERROR;
				CLANG_WARN_QUOTED_INCLUDE_IN_FRAMEWORK_HEADER = YES;
				CLANG_WARN_RANGE_LOOP_ANALYSIS = YES;
				CLANG_WARN_STRICT_PROTOTYPES = YES;
				CLANG_WARN_SUSPICIOUS_MOVE = YES;
				CLANG_WARN_UNGUARDED_AVAILABILITY = YES_AGGRESSIVE;
				CLANG_WARN_UNREACHABLE_CODE = YES;
				CLANG_WARN__DUPLICATE_METHOD_MATCH = YES;
				COPY_PHASE_STRIP = NO;
				DEBUG_INFORMATION_FORMAT = dwarf;
				ENABLE_STRICT_OBJC_MSGSEND = YES;
				ENABLE_TESTABILITY = YES;
				ENABLE_USER_SCRIPT_SANDBOXING = YES;
				GCC_C_LANGUAGE_STANDARD = gnu17;
				GCC_DYNAMIC_NO_PIC = NO;
				GCC_NO_COMMON_BLOCKS = YES;
				GCC_OPTIMIZATION_LEVEL = 0;
				GCC_PREPROCESSOR_DEFINITIONS = (
					"DEBUG=1",
					"$(inherited)",
				);
				GCC_WARN_64_TO_32_BIT_CONVERSION = YES;
				GCC_WARN_ABOUT_RETURN_TYPE = YES_ERROR;
				GCC_WARN_UNDECLARED_SELECTOR = YES;
				GCC_WARN_UNINITIALIZED_AUTOS = YES_AGGRESSIVE;
				GCC_WARN_UNUSED_FUNCTION = YES;
				GCC_WARN_UNUSED_VARIABLE = YES;
				IPHONEOS_DEPLOYMENT_TARGET = 18.0;
				LOCALIZATION_PREFERS_STRING_CATALOGS = YES;
				MTL_ENABLE_DEBUG_INFO = INCLUDE_SOURCE;
				MTL_FAST_MATH = YES;
				ONLY_ACTIVE_ARCH = YES;
				SDKROOT = iphoneos;
				SWIFT_ACTIVE_COMPILATION_CONDITIONS = "DEBUG $(inherited)";
				SWIFT_EMIT_LOC_STRINGS = YES;
				SWIFT_OPTIMIZATION_LEVEL = "-Onone";
			};
			name = Debug;
		};
		FA76EC942D9EE0330022AE96 /* Release */ = {
			isa = XCBuildConfiguration;
			buildSettings = {
				ALWAYS_SEARCH_USER_PATHS = NO;
				ASSETCATALOG_COMPILER_GENERATE_SWIFT_ASSET_SYMBOL_EXTENSIONS = YES;
				CLANG_ANALYZER_NONNULL = YES;
				CLANG_ANALYZER_NUMBER_OBJECT_CONVERSION = YES_AGGRESSIVE;
				CLANG_CXX_LANGUAGE_STANDARD = "gnu++20";
				CLANG_ENABLE_MODULES = YES;
				CLANG_ENABLE_OBJC_ARC = YES;
				CLANG_ENABLE_OBJC_WEAK = YES;
				CLANG_WARN_BLOCK_CAPTURE_AUTORELEASING = YES;
				CLANG_WARN_BOOL_CONVERSION = YES;
				CLANG_WARN_COMMA = YES;
				CLANG_WARN_CONSTANT_CONVERSION = YES;
				CLANG_WARN_DEPRECATED_OBJC_IMPLEMENTATIONS = YES;
				CLANG_WARN_DIRECT_OBJC_ISA_USAGE = YES_ERROR;
				CLANG_WARN_DOCUMENTATION_COMMENTS = YES;
				CLANG_WARN_EMPTY_BODY = YES;
				CLANG_WARN_ENUM_CONVERSION = YES;
				CLANG_WARN_INFINITE_RECURSION = YES;
				CLANG_WARN_INT_CONVERSION = YES;
				CLANG_WARN_NON_LITERAL_NULL_CONVERSION = YES;
				CLANG_WARN_OBJC_IMPLICIT_RETAIN_SELF = YES;
				CLANG_WARN_OBJC_LITERAL_CONVERSION = YES;
				CLANG_WARN_OBJC_ROOT_CLASS = YES_ERROR;
				CLANG_WARN_QUOTED_INCLUDE_IN_FRAMEWORK_HEADER = YES;
				CLANG_WARN_RANGE_LOOP_ANALYSIS = YES;
				CLANG_WARN_STRICT_PROTOTYPES = YES;
				CLANG_WARN_SUSPICIOUS_MOVE = YES;
				CLANG_WARN_UNGUARDED_AVAILABILITY = YES_AGGRESSIVE;
				CLANG_WARN_UNREACHABLE_CODE = YES;
				CLANG_WARN__DUPLICATE_METHOD_MATCH = YES;
				COPY_PHASE_STRIP = NO;
				DEBUG_INFORMATION_FORMAT = "dwarf-with-dsym";
				ENABLE_NS_ASSERTIONS = NO;
				ENABLE_STRICT_OBJC_MSGSEND = YES;
				ENABLE_USER_SCRIPT_SANDBOXING = YES;
				GCC_C_LANGUAGE_STANDARD = gnu17;
				GCC_NO_COMMON_BLOCKS = YES;
				GCC_WARN_64_TO_32_BIT_CONVERSION = YES;
				GCC_WARN_ABOUT_RETURN_TYPE = YES_ERROR;
				GCC_WARN_UNDECLARED_SELECTOR = YES;
				GCC_WARN_UNINITIALIZED_AUTOS = YES_AGGRESSIVE;
				GCC_WARN_UNUSED_FUNCTION = YES;
				GCC_WARN_UNUSED_VARIABLE = YES;
				IPHONEOS_DEPLOYMENT_TARGET = 18.0;
				LOCALIZATION_PREFERS_STRING_CATALOGS = YES;
				MTL_ENABLE_DEBUG_INFO = NO;
				MTL_FAST_MATH = YES;
				SDKROOT = iphoneos;
				SWIFT_COMPILATION_MODE = wholemodule;
				SWIFT_EMIT_LOC_STRINGS = YES;
				VALIDATE_PRODUCT = YES;
			};
			name = Release;
		};
		FA76EC962D9EE0330022AE96 /* Debug */ = {
			isa = XCBuildConfiguration;
			buildSettings = {
				ASSETCATALOG_COMPILER_APPICON_NAME = AppIcon;
				ASSETCATALOG_COMPILER_GLOBAL_ACCENT_COLOR_NAME = AccentColor;
				CODE_SIGN_STYLE = Automatic;
				CURRENT_PROJECT_VERSION = 1;
				DEVELOPMENT_ASSET_PATHS = "\"iosHealthTracker/Preview Content\"";
				DEVELOPMENT_TEAM = 39TWN34CZ7;
				ENABLE_PREVIEWS = YES;
				GENERATE_INFOPLIST_FILE = YES;
				INFOPLIST_FILE = iosHealthTracker/Info.plist;
				INFOPLIST_KEY_CFBundleDisplayName = "Health Tracker";
				INFOPLIST_KEY_LSApplicationCategoryType = "public.app-category.education";
				INFOPLIST_KEY_NSBluetoothAlwaysUsageDescription = "This app uses Bluetooth to connect to and monitor nearby devices.";
				INFOPLIST_KEY_UIApplicationSceneManifest_Generation = YES;
				INFOPLIST_KEY_UIApplicationSupportsIndirectInputEvents = YES;
				INFOPLIST_KEY_UILaunchScreen_Generation = YES;
				INFOPLIST_KEY_UISupportedInterfaceOrientations = UIInterfaceOrientationPortrait;
				INFOPLIST_KEY_UISupportedInterfaceOrientations_iPad = "UIInterfaceOrientationLandscapeLeft UIInterfaceOrientationLandscapeRight UIInterfaceOrientationPortrait UIInterfaceOrientationPortraitUpsideDown";
				LD_RUNPATH_SEARCH_PATHS = (
					"$(inherited)",
					"@executable_path/Frameworks",
				);
				MARKETING_VERSION = 1.0;
				PRODUCT_BUNDLE_IDENTIFIER = com.danijalazerovic.iosHealthTracker;
				PRODUCT_NAME = "$(TARGET_NAME)";
				SUPPORTED_PLATFORMS = "iphoneos iphonesimulator";
				SUPPORTS_MACCATALYST = NO;
				SUPPORTS_MAC_DESIGNED_FOR_IPHONE_IPAD = NO;
				SUPPORTS_XR_DESIGNED_FOR_IPHONE_IPAD = NO;
				SWIFT_EMIT_LOC_STRINGS = YES;
				SWIFT_VERSION = 5.0;
				TARGETED_DEVICE_FAMILY = 1;
			};
			name = Debug;
		};
		FA76EC972D9EE0330022AE96 /* Release */ = {
			isa = XCBuildConfiguration;
			buildSettings = {
				ASSETCATALOG_COMPILER_APPICON_NAME = AppIcon;
				ASSETCATALOG_COMPILER_GLOBAL_ACCENT_COLOR_NAME = AccentColor;
				CODE_SIGN_STYLE = Automatic;
				CURRENT_PROJECT_VERSION = 1;
				DEVELOPMENT_ASSET_PATHS = "\"iosHealthTracker/Preview Content\"";
				DEVELOPMENT_TEAM = 39TWN34CZ7;
				ENABLE_PREVIEWS = YES;
				GENERATE_INFOPLIST_FILE = YES;
				INFOPLIST_FILE = iosHealthTracker/Info.plist;
				INFOPLIST_KEY_CFBundleDisplayName = "Health Tracker";
				INFOPLIST_KEY_LSApplicationCategoryType = "public.app-category.education";
				INFOPLIST_KEY_NSBluetoothAlwaysUsageDescription = "This app uses Bluetooth to connect to and monitor nearby devices.";
				INFOPLIST_KEY_UIApplicationSceneManifest_Generation = YES;
				INFOPLIST_KEY_UIApplicationSupportsIndirectInputEvents = YES;
				INFOPLIST_KEY_UILaunchScreen_Generation = YES;
				INFOPLIST_KEY_UISupportedInterfaceOrientations = UIInterfaceOrientationPortrait;
				INFOPLIST_KEY_UISupportedInterfaceOrientations_iPad = "UIInterfaceOrientationLandscapeLeft UIInterfaceOrientationLandscapeRight UIInterfaceOrientationPortrait UIInterfaceOrientationPortraitUpsideDown";
				LD_RUNPATH_SEARCH_PATHS = (
					"$(inherited)",
					"@executable_path/Frameworks",
				);
				MARKETING_VERSION = 1.0;
				PRODUCT_BUNDLE_IDENTIFIER = com.danijalazerovic.iosHealthTracker;
				PRODUCT_NAME = "$(TARGET_NAME)";
				SUPPORTED_PLATFORMS = "iphoneos iphonesimulator";
				SUPPORTS_MACCATALYST = NO;
				SUPPORTS_MAC_DESIGNED_FOR_IPHONE_IPAD = NO;
				SUPPORTS_XR_DESIGNED_FOR_IPHONE_IPAD = NO;
				SWIFT_EMIT_LOC_STRINGS = YES;
				SWIFT_VERSION = 5.0;
				TARGETED_DEVICE_FAMILY = 1;
			};
			name = Release;
		};
		FA76EC992D9EE0330022AE96 /* Debug */ = {
			isa = XCBuildConfiguration;
			buildSettings = {
				BUNDLE_LOADER = "$(TEST_HOST)";
				CODE_SIGN_STYLE = Automatic;
				CURRENT_PROJECT_VERSION = 1;
				DEVELOPMENT_TEAM = 39TWN34CZ7;
				GENERATE_INFOPLIST_FILE = YES;
				IPHONEOS_DEPLOYMENT_TARGET = 18.0;
				MARKETING_VERSION = 1.0;
				PRODUCT_BUNDLE_IDENTIFIER = com.danijalazerovic.iosHealthTrackerTests;
				PRODUCT_NAME = "$(TARGET_NAME)";
				SWIFT_EMIT_LOC_STRINGS = NO;
				SWIFT_VERSION = 5.0;
				TARGETED_DEVICE_FAMILY = "1,2";
				TEST_HOST = "$(BUILT_PRODUCTS_DIR)/iosHealthTracker.app/$(BUNDLE_EXECUTABLE_FOLDER_PATH)/iosHealthTracker";
			};
			name = Debug;
		};
		FA76EC9A2D9EE0330022AE96 /* Release */ = {
			isa = XCBuildConfiguration;
			buildSettings = {
				BUNDLE_LOADER = "$(TEST_HOST)";
				CODE_SIGN_STYLE = Automatic;
				CURRENT_PROJECT_VERSION = 1;
				DEVELOPMENT_TEAM = 39TWN34CZ7;
				GENERATE_INFOPLIST_FILE = YES;
				IPHONEOS_DEPLOYMENT_TARGET = 18.0;
				MARKETING_VERSION = 1.0;
				PRODUCT_BUNDLE_IDENTIFIER = com.danijalazerovic.iosHealthTrackerTests;
				PRODUCT_NAME = "$(TARGET_NAME)";
				SWIFT_EMIT_LOC_STRINGS = NO;
				SWIFT_VERSION = 5.0;
				TARGETED_DEVICE_FAMILY = "1,2";
				TEST_HOST = "$(BUILT_PRODUCTS_DIR)/iosHealthTracker.app/$(BUNDLE_EXECUTABLE_FOLDER_PATH)/iosHealthTracker";
			};
			name = Release;
		};
		FA76EC9C2D9EE0330022AE96 /* Debug */ = {
			isa = XCBuildConfiguration;
			buildSettings = {
				CODE_SIGN_STYLE = Automatic;
				CURRENT_PROJECT_VERSION = 1;
				DEVELOPMENT_TEAM = 39TWN34CZ7;
				GENERATE_INFOPLIST_FILE = YES;
				MARKETING_VERSION = 1.0;
				PRODUCT_BUNDLE_IDENTIFIER = com.danijalazerovic.iosHealthTrackerUITests;
				PRODUCT_NAME = "$(TARGET_NAME)";
				SWIFT_EMIT_LOC_STRINGS = NO;
				SWIFT_VERSION = 5.0;
				TARGETED_DEVICE_FAMILY = "1,2";
				TEST_TARGET_NAME = iosHealthTracker;
			};
			name = Debug;
		};
		FA76EC9D2D9EE0330022AE96 /* Release */ = {
			isa = XCBuildConfiguration;
			buildSettings = {
				CODE_SIGN_STYLE = Automatic;
				CURRENT_PROJECT_VERSION = 1;
				DEVELOPMENT_TEAM = 39TWN34CZ7;
				GENERATE_INFOPLIST_FILE = YES;
				MARKETING_VERSION = 1.0;
				PRODUCT_BUNDLE_IDENTIFIER = com.danijalazerovic.iosHealthTrackerUITests;
				PRODUCT_NAME = "$(TARGET_NAME)";
				SWIFT_EMIT_LOC_STRINGS = NO;
				SWIFT_VERSION = 5.0;
				TARGETED_DEVICE_FAMILY = "1,2";
				TEST_TARGET_NAME = iosHealthTracker;
			};
			name = Release;
		};
/* End XCBuildConfiguration section */

/* Begin XCConfigurationList section */
		FA76EC6C2D9EE0310022AE96 /* Build configuration list for PBXProject "iosHealthTracker" */ = {
			isa = XCConfigurationList;
			buildConfigurations = (
				FA76EC932D9EE0330022AE96 /* Debug */,
				FA76EC942D9EE0330022AE96 /* Release */,
			);
			defaultConfigurationIsVisible = 0;
			defaultConfigurationName = Release;
		};
		FA76EC952D9EE0330022AE96 /* Build configuration list for PBXNativeTarget "iosHealthTracker" */ = {
			isa = XCConfigurationList;
			buildConfigurations = (
				FA76EC962D9EE0330022AE96 /* Debug */,
				FA76EC972D9EE0330022AE96 /* Release */,
			);
			defaultConfigurationIsVisible = 0;
			defaultConfigurationName = Release;
		};
		FA76EC982D9EE0330022AE96 /* Build configuration list for PBXNativeTarget "iosHealthTrackerTests" */ = {
			isa = XCConfigurationList;
			buildConfigurations = (
				FA76EC992D9EE0330022AE96 /* Debug */,
				FA76EC9A2D9EE0330022AE96 /* Release */,
			);
			defaultConfigurationIsVisible = 0;
			defaultConfigurationName = Release;
		};
		FA76EC9B2D9EE0330022AE96 /* Build configuration list for PBXNativeTarget "iosHealthTrackerUITests" */ = {
			isa = XCConfigurationList;
			buildConfigurations = (
				FA76EC9C2D9EE0330022AE96 /* Debug */,
				FA76EC9D2D9EE0330022AE96 /* Release */,
			);
			defaultConfigurationIsVisible = 0;
			defaultConfigurationName = Release;
		};
/* End XCConfigurationList section */
	};
	rootObject = FA76EC692D9EE0310022AE96 /* Project object */;
}
